
Microsoft Visual Studio Solution File, Format Version 12.00
# Visual Studio Version 16
VisualStudioVersion = 16.0.29613.14
MinimumVisualStudioVersion = 10.0.40219.1
Project("{FAE04EC0-301F-11D3-BF4B-00C04F79EFBC}") = "Hangman", "Hangman.csproj", "{6384A765-3410-459C-ACAB-E143E40983D0}"
EndProject
Global
	GlobalSection(SolutionConfigurationPlatforms) = preSolution
		Debug|Any CPU = Debug|Any CPU
		Release|Any CPU = Release|Any CPU
	EndGlobalSection
	GlobalSection(ProjectConfigurationPlatforms) = postSolution
		{6384A765-3410-459C-ACAB-E143E40983D0}.Debug|Any CPU.ActiveCfg = Debug|Any CPU
		{6384A765-3410-459C-ACAB-E143E40983D0}.Debug|Any CPU.Build.0 = Debug|Any CPU
		{6384A765-3410-459C-ACAB-E143E40983D0}.Release|Any CPU.ActiveCfg = Release|Any CPU
		{6384A765-3410-459C-ACAB-E143E40983D0}.Release|Any CPU.Build.0 = Release|Any CPU
	EndGlobalSection
	GlobalSection(SolutionProperties) = preSolution
		HideSolutionNode = FALSE
	EndGlobalSection
	GlobalSection(ExtensibilityGlobals) = postSolution
		SolutionGuid = {290934A7-9D12-4545-A7F1-CBB5EB5448CB}
	EndGlobalSection
EndGlobal
